{
  "name": "nest-typescript-starter",
  "version": "1.0.0",
  "lockfileVersion": 1,
  "requires": true,
  "dependencies": {
    "@types/events": {
      "version": "1.2.0",
      "resolved": "https://registry.npmjs.org/@types/events/-/events-1.2.0.tgz",
      "integrity": "sha512-KEIlhXnIutzKwRbQkGWb/I4HFqBuUykAdHgDED6xqwXJfONCjF5VoE0cXEiurh3XauygxzeDzgtXUqvLkxFzzA=="
    },
    "@types/node": {
      "version": "7.0.57",
      "resolved": "https://registry.npmjs.org/@types/node/-/node-7.0.57.tgz",
      "integrity": "sha512-Iikf0IAus1OX++3Jrc1R2bsZggO+m22G5ee56JccYKejx5GNT3nHhY8v6J4OXId1hXXlb0n45hcaVwZwQcZZ6w==",
      "dev": true
    },
    "@types/pino": {
      "version": "4.7.1",
      "resolved": "https://registry.npmjs.org/@types/pino/-/pino-4.7.1.tgz",
      "integrity": "sha512-jatsMBAonuhTB1NhJsbDjvw7p71q3AvHii276OifMQ1RAE9NaX1EEmcG1lxONA1bQIYKjJbTJIj5UHicnYYDPA==",
      "requires": {
        "@types/events": "1.2.0",
        "@types/node": "9.6.0"
      },
      "dependencies": {
        "@types/node": {
          "version": "9.6.0",
          "resolved": "https://registry.npmjs.org/@types/node/-/node-9.6.0.tgz",
          "integrity": "sha512-h3YZbOq2+ZoDFI1z8Zx0Ck/xRWkOESVaLdgLdd/c25mMQ1Y2CAkILu9ny5A15S5f32gGcQdaUIZ2jzYr8D7IFg=="
        }
      }
    },
    "abstract-logging": {
      "version": "1.0.0",
      "resolved": "https://registry.npmjs.org/abstract-logging/-/abstract-logging-1.0.0.tgz",
      "integrity": "sha1-i33q/TEFWbwo93ck3RuzAXcnjBs="
    },
    "ajv": {
      "version": "6.4.0",
      "resolved": "https://registry.npmjs.org/ajv/-/ajv-6.4.0.tgz",
      "integrity": "sha1-06/3jpJ3VJdx2vAWTP9ISCt1T8Y=",
      "requires": {
        "fast-deep-equal": "1.1.0",
        "fast-json-stable-stringify": "2.0.0",
        "json-schema-traverse": "0.3.1",
        "uri-js": "3.0.2"
      }
    },
    "ansi-styles": {
      "version": "3.2.1",
      "resolved": "https://registry.npmjs.org/ansi-styles/-/ansi-styles-3.2.1.tgz",
      "integrity": "sha512-VT0ZI6kZRdTh8YyJw3SMbYm/u+NqfsAxEpWO0Pf9sq8/e94WxxOpPKx9FR1FlyCtOVDNOQ+8ntlqFxiRc+r5qA==",
      "requires": {
        "color-convert": "1.9.1"
      }
    },
    "arrify": {
      "version": "1.0.1",
      "resolved": "https://registry.npmjs.org/arrify/-/arrify-1.0.1.tgz",
      "integrity": "sha1-iYUI2iIm84DfkEcoRWhJwVAaSw0=",
      "dev": true
    },
    "avvio": {
      "version": "5.4.1",
      "resolved": "https://registry.npmjs.org/avvio/-/avvio-5.4.1.tgz",
      "integrity": "sha512-pL6ePQvU+zraPWK8Lz1TInoAm4WMzxZBKPw8WlnAxu8iFRoFUg+B6KkElCt8YesE7ASiFmkVOwMcEsy7qwYbJw==",
      "requires": {
        "debug": "3.1.0",
        "fastq": "1.5.0"
      }
    },
    "chalk": {
      "version": "2.3.2",
      "resolved": "https://registry.npmjs.org/chalk/-/chalk-2.3.2.tgz",
      "integrity": "sha512-ZM4j2/ld/YZDc3Ma8PgN7gyAk+kHMMMyzLNryCPGhWrsfAuDVeuid5bpRFTDgMH9JBK2lA4dyyAkkZYF/WcqDQ==",
      "requires": {
        "ansi-styles": "3.2.1",
        "escape-string-regexp": "1.0.5",
        "supports-color": "5.3.0"
      }
    },
    "class-transformer": {
      "version": "0.1.9",
      "resolved": "https://registry.npmjs.org/class-transformer/-/class-transformer-0.1.9.tgz",
      "integrity": "sha512-KV0IteiRl95OZ9UzbuPj8RhckuHA4JTC+Q+ZbKTYPsmvB0GgPRG7JBEXiVhBq/U050OVRku4N5t0rSMHw8vDWw=="
    },
    "class-validator": {
      "version": "0.8.5",
      "resolved": "https://registry.npmjs.org/class-validator/-/class-validator-0.8.5.tgz",
      "integrity": "sha512-84yezRo44aP4oGhvPmqj6obAFQF1NzUyfR0+f8jubzdAspO5pmjpHhBBlPf335epUskzXAFe5uo4Qf+c7SI+DA==",
      "requires": {
        "validator": "9.2.0"
      }
    },
    "color-convert": {
      "version": "1.9.1",
      "resolved": "https://registry.npmjs.org/color-convert/-/color-convert-1.9.1.tgz",
      "integrity": "sha512-mjGanIiwQJskCC18rPR6OmrZ6fm2Lc7PeGFYwCmy5J34wC6F1PzdGL6xeMfmgicfYcNLGuVFA3WzXtIDCQSZxQ==",
      "requires": {
        "color-name": "1.1.3"
      }
    },
    "color-name": {
      "version": "1.1.3",
      "resolved": "https://registry.npmjs.org/color-name/-/color-name-1.1.3.tgz",
      "integrity": "sha1-p9BVi9icQveV3UIyj3QIMcpTvCU="
    },
    "core-util-is": {
      "version": "1.0.2",
      "resolved": "https://registry.npmjs.org/core-util-is/-/core-util-is-1.0.2.tgz",
      "integrity": "sha1-tf1UIgqivFq1eqtxQMlAdUUDwac="
    },
    "debug": {
      "version": "3.1.0",
      "resolved": "https://registry.npmjs.org/debug/-/debug-3.1.0.tgz",
      "integrity": "sha512-OX8XqP7/1a9cqkxYw2yXss15f26NKWBpDXQd0/uK/KPqdQhxbPa994hnzjcE2VqQpDslf55723cKPUOGSmMY3g==",
      "requires": {
        "ms": "2.0.0"
      }
    },
    "diff": {
      "version": "3.5.0",
      "resolved": "https://registry.npmjs.org/diff/-/diff-3.5.0.tgz",
      "integrity": "sha512-A46qtFgd+g7pDZinpnwiRJtxbC1hpgf0uzP3iG89scHk0AUC7A1TGxf5OiiOUv/JMZR8GOt8hL900hV0bOy5xA==",
      "dev": true
    },
    "end-of-stream": {
      "version": "1.4.1",
      "resolved": "https://registry.npmjs.org/end-of-stream/-/end-of-stream-1.4.1.tgz",
      "integrity": "sha512-1MkrZNvWTKCaigbn+W15elq2BB/L22nqrSY5DKlo3X6+vclJm8Bb5djXJBmEX6fS3+zCh/F4VBK5Z2KxJt4s2Q==",
      "requires": {
        "once": "1.4.0"
      }
    },
    "escape-string-regexp": {
      "version": "1.0.5",
      "resolved": "https://registry.npmjs.org/escape-string-regexp/-/escape-string-regexp-1.0.5.tgz",
      "integrity": "sha1-G2HAViGQqN/2rjuyzwIAyhMLhtQ="
    },
    "fast-decode-uri-component": {
      "version": "1.0.0",
      "resolved": "https://registry.npmjs.org/fast-decode-uri-component/-/fast-decode-uri-component-1.0.0.tgz",
      "integrity": "sha512-WQSYVKn6tDW/3htASeUkrx5LcnuTENQIZQPCVlwdnvIJ7bYtSpoJYq38MgUJnx1CQIR1gjZ8HJxAEcN4gqugBg=="
    },
    "fast-deep-equal": {
      "version": "1.1.0",
      "resolved": "https://registry.npmjs.org/fast-deep-equal/-/fast-deep-equal-1.1.0.tgz",
      "integrity": "sha1-wFNHeBfIa1HaqFPIHgWbcz0CNhQ="
    },
    "fast-json-parse": {
      "version": "1.0.3",
      "resolved": "https://registry.npmjs.org/fast-json-parse/-/fast-json-parse-1.0.3.tgz",
      "integrity": "sha512-FRWsaZRWEJ1ESVNbDWmsAlqDk96gPQezzLghafp5J4GUKjbCz3OkAHuZs5TuPEtkbVQERysLp9xv6c24fBm8Aw=="
    },
    "fast-json-stable-stringify": {
      "version": "2.0.0",
      "resolved": "https://registry.npmjs.org/fast-json-stable-stringify/-/fast-json-stable-stringify-2.0.0.tgz",
      "integrity": "sha1-1RQsDK7msRifh9OnYREGT4bIu/I="
    },
    "fast-json-stringify": {
      "version": "1.2.0",
      "resolved": "https://registry.npmjs.org/fast-json-stringify/-/fast-json-stringify-1.2.0.tgz",
      "integrity": "sha512-l8Qp5GQabCk+mPPJLRlot0Qsc54TerLEbXG00vIWrH4ewd8o7/8Hj7aUCsTMfupgiURDpRlZzrztfGCBacjixw==",
      "requires": {
        "ajv": "6.4.0"
      }
    },
    "fast-safe-stringify": {
      "version": "1.2.3",
      "resolved": "https://registry.npmjs.org/fast-safe-stringify/-/fast-safe-stringify-1.2.3.tgz",
      "integrity": "sha512-QJYT/i0QYoiZBQ71ivxdyTqkwKkQ0oxACXHYxH2zYHJEgzi2LsbjgvtzTbLi1SZcF190Db2YP7I7eTsU2egOlw=="
    },
    "fastify": {
      "version": "1.1.1",
      "resolved": "https://registry.npmjs.org/fastify/-/fastify-1.1.1.tgz",
      "integrity": "sha512-YsgzYGJCy0/Ocxp6AlAiaYW2UQ+w9KPmhuupptH0RgKqJu1DVgPq8I+mTv7bB1j9xFnMC6Fn1elg7gqkkp+Yuw==",
      "requires": {
        "@types/pino": "4.7.1",
        "abstract-logging": "1.0.0",
        "ajv": "6.4.0",
        "avvio": "5.4.1",
        "end-of-stream": "1.4.1",
        "fast-json-stringify": "1.2.0",
        "find-my-way": "1.11.1",
        "flatstr": "1.0.5",
        "light-my-request": "2.0.1",
        "middie": "3.1.0",
        "pino": "4.15.0",
        "tiny-lru": "1.5.1"
      }
    },
    "fastq": {
      "version": "1.5.0",
      "resolved": "https://registry.npmjs.org/fastq/-/fastq-1.5.0.tgz",
      "integrity": "sha1-BeMv+5mewtlF3aJ0Yb8IlBQ2RIs=",
      "requires": {
        "reusify": "1.0.4"
      }
    },
    "find-my-way": {
      "version": "1.11.1",
      "resolved": "https://registry.npmjs.org/find-my-way/-/find-my-way-1.11.1.tgz",
      "integrity": "sha512-zoxshWkG1fSfinOqH0nsv9UQ1gGJ/8fsOTbkMDGwSOOVPOK3eStXYdYkngG01kMEPkbthO6g4F/1XXCfY5+Iqg==",
      "requires": {
        "fast-decode-uri-component": "1.0.0"
      }
    },
    "flatstr": {
      "version": "1.0.5",
      "resolved": "https://registry.npmjs.org/flatstr/-/flatstr-1.0.5.tgz",
      "integrity": "sha1-W0UbCMvUji6sVKK74L9GFlqhS+M="
    },
    "has-flag": {
      "version": "3.0.0",
      "resolved": "https://registry.npmjs.org/has-flag/-/has-flag-3.0.0.tgz",
      "integrity": "sha1-tdRU3CGZriJWmfNGfloH87lVuv0="
    },
    "homedir-polyfill": {
      "version": "1.0.1",
      "resolved": "https://registry.npmjs.org/homedir-polyfill/-/homedir-polyfill-1.0.1.tgz",
      "integrity": "sha1-TCu8inWJmP7r9e1oWA921GdotLw=",
      "dev": true,
      "requires": {
        "parse-passwd": "1.0.0"
      }
    },
    "inherits": {
      "version": "2.0.3",
      "resolved": "https://registry.npmjs.org/inherits/-/inherits-2.0.3.tgz",
      "integrity": "sha1-Yzwsg+PaQqUC9SRmAiSA9CCCYd4="
    },
    "isarray": {
      "version": "1.0.0",
      "resolved": "https://registry.npmjs.org/isarray/-/isarray-1.0.0.tgz",
      "integrity": "sha1-u5NdSFgsuhaMBoNJV6VKPgcSTxE="
    },
    "json-schema-traverse": {
      "version": "0.3.1",
      "resolved": "https://registry.npmjs.org/json-schema-traverse/-/json-schema-traverse-0.3.1.tgz",
      "integrity": "sha1-NJptRMU6Ud6JtAgFxdXlm0F9M0A="
    },
    "light-my-request": {
      "version": "2.0.1",
      "resolved": "https://registry.npmjs.org/light-my-request/-/light-my-request-2.0.1.tgz",
      "integrity": "sha512-dzUvlQEsh1zUhxv9262O9u8cDQavHt4YUXWQB0XuiYOVq7k+IRJ5VOWu1duFTP4ly/N2eMIiJLyiEOh1iZy0IQ==",
      "requires": {
        "ajv": "6.4.0",
        "readable-stream": "2.3.5",
        "safe-buffer": "5.1.1"
      }
    },
    "make-error": {
      "version": "1.3.4",
      "resolved": "https://registry.npmjs.org/make-error/-/make-error-1.3.4.tgz",
      "integrity": "sha512-0Dab5btKVPhibSalc9QGXb559ED7G7iLjFXBaj9Wq8O3vorueR5K5jaE3hkG6ZQINyhA/JgG6Qk4qdFQjsYV6g==",
      "dev": true
    },
    "middie": {
      "version": "3.1.0",
      "resolved": "https://registry.npmjs.org/middie/-/middie-3.1.0.tgz",
      "integrity": "sha512-673tjCpr9xbI30cVqNbCvBe1hNS4pNs7Fi8Yp9wPiqX3qTpuRm87uD3aRtH9ji7Gt8SavbX7cwYMqY2muIPMJw==",
      "requires": {
        "path-to-regexp": "2.2.0",
        "reusify": "1.0.4"
      }
    },
    "minimist": {
      "version": "1.2.0",
      "resolved": "https://registry.npmjs.org/minimist/-/minimist-1.2.0.tgz",
      "integrity": "sha1-o1AIsg9BOD7sH7kU9M1d95omQoQ=",
      "dev": true
    },
    "mkdirp": {
      "version": "0.5.1",
      "resolved": "https://registry.npmjs.org/mkdirp/-/mkdirp-0.5.1.tgz",
      "integrity": "sha1-MAV0OOrGz3+MR2fzhkjWaX11yQM=",
      "dev": true,
      "requires": {
        "minimist": "0.0.8"
      },
      "dependencies": {
        "minimist": {
          "version": "0.0.8",
          "resolved": "https://registry.npmjs.org/minimist/-/minimist-0.0.8.tgz",
          "integrity": "sha1-hX/Kv8M5fSYluCKCYuhqp6ARsF0=",
          "dev": true
        }
      }
    },
    "ms": {
      "version": "2.0.0",
      "resolved": "https://registry.npmjs.org/ms/-/ms-2.0.0.tgz",
      "integrity": "sha1-VgiurfwAvmwpAd9fmGF4jeDVl8g="
    },
    "once": {
      "version": "1.4.0",
      "resolved": "https://registry.npmjs.org/once/-/once-1.4.0.tgz",
      "integrity": "sha1-WDsap3WWHUsROsF9nFC6753Xa9E=",
      "requires": {
        "wrappy": "1.0.2"
      }
    },
    "parse-passwd": {
      "version": "1.0.0",
      "resolved": "https://registry.npmjs.org/parse-passwd/-/parse-passwd-1.0.0.tgz",
      "integrity": "sha1-bVuTSkVpk7I9N/QKOC1vFmao5cY=",
      "dev": true
    },
    "path-to-regexp": {
      "version": "2.2.0",
      "resolved": "https://registry.npmjs.org/path-to-regexp/-/path-to-regexp-2.2.0.tgz",
      "integrity": "sha512-zJcOPeBsraLjWXwUzFMPzH3QO2CmO1yRggtADPJjOTyCF5csQxfUGJL+CbyyRvIS09wOipi4F/fgRhdmVGSwxQ=="
    },
    "pino": {
      "version": "4.15.0",
      "resolved": "https://registry.npmjs.org/pino/-/pino-4.15.0.tgz",
      "integrity": "sha512-nFKZPdlEabjARJTkK9wKaqN1rCNXJr0YG7zExjWDYaRrZP4pu46rMg9tiCTwOYDcHr7U2I/tQ9rqFlIr3iXn9A==",
      "requires": {
        "chalk": "2.3.2",
        "fast-json-parse": "1.0.3",
        "fast-safe-stringify": "1.2.3",
        "flatstr": "1.0.5",
        "pino-std-serializers": "1.0.0",
        "pump": "3.0.0",
        "quick-format-unescaped": "1.1.2",
        "split2": "2.2.0"
      }
    },
    "pino-std-serializers": {
      "version": "1.0.0",
      "resolved": "https://registry.npmjs.org/pino-std-serializers/-/pino-std-serializers-1.0.0.tgz",
      "integrity": "sha512-VvrdU2+ixL4zYm1c4q5pdtI9chhV6T1keiVkbV6BVZC1ih8Fsp8pdOCiBXcPYcIMyyo83KxpRhjuX2B53O38iw=="
    },
    "process-nextick-args": {
      "version": "2.0.0",
      "resolved": "https://registry.npmjs.org/process-nextick-args/-/process-nextick-args-2.0.0.tgz",
      "integrity": "sha512-MtEC1TqN0EU5nephaJ4rAtThHtC86dNN9qCuEhtshvpVBkAW5ZO7BASN9REnF9eoXGcRub+pFuKEpOHE+HbEMw=="
    },
    "pump": {
      "version": "3.0.0",
      "resolved": "https://registry.npmjs.org/pump/-/pump-3.0.0.tgz",
      "integrity": "sha512-LwZy+p3SFs1Pytd/jYct4wpv49HiYCqd9Rlc5ZVdk0V+8Yzv6jR5Blk3TRmPL1ft69TxP0IMZGJ+WPFU2BFhww==",
      "requires": {
        "end-of-stream": "1.4.1",
        "once": "1.4.0"
      }
    },
    "punycode": {
      "version": "2.1.0",
      "resolved": "https://registry.npmjs.org/punycode/-/punycode-2.1.0.tgz",
      "integrity": "sha1-X4Y+3Im5bbCQdLrXlHvwkFbKTn0="
    },
    "quick-format-unescaped": {
      "version": "1.1.2",
      "resolved": "https://registry.npmjs.org/quick-format-unescaped/-/quick-format-unescaped-1.1.2.tgz",
      "integrity": "sha1-DKWB3jF0vs7yWsPC6JVjQjgdtpg=",
      "requires": {
        "fast-safe-stringify": "1.2.3"
      }
    },
    "readable-stream": {
      "version": "2.3.5",
      "resolved": "https://registry.npmjs.org/readable-stream/-/readable-stream-2.3.5.tgz",
      "integrity": "sha512-tK0yDhrkygt/knjowCUiWP9YdV7c5R+8cR0r/kt9ZhBU906Fs6RpQJCEilamRJj1Nx2rWI6LkW9gKqjTkshhEw==",
      "requires": {
        "core-util-is": "1.0.2",
        "inherits": "2.0.3",
        "isarray": "1.0.0",
        "process-nextick-args": "2.0.0",
        "safe-buffer": "5.1.1",
        "string_decoder": "1.0.3",
        "util-deprecate": "1.0.2"
      }
    },
    "reflect-metadata": {
      "version": "0.1.12",
      "resolved": "https://registry.npmjs.org/reflect-metadata/-/reflect-metadata-0.1.12.tgz",
      "integrity": "sha512-n+IyV+nGz3+0q3/Yf1ra12KpCyi001bi4XFxSjbiWWjfqb52iTTtpGXmCCAOWWIAn9KEuFZKGqBERHmrtScZ3A=="
    },
    "reusify": {
      "version": "1.0.4",
      "resolved": "https://registry.npmjs.org/reusify/-/reusify-1.0.4.tgz",
      "integrity": "sha512-U9nH88a3fc/ekCF1l0/UP1IosiuIjyTh7hBvXVMHYgVcfGvt897Xguj2UOLDeI5BG2m7/uwyaLVT6fbtCwTyzw=="
    },
    "rxjs": {
      "version": "5.5.7",
      "resolved": "https://registry.npmjs.org/rxjs/-/rxjs-5.5.7.tgz",
      "integrity": "sha512-Hxo2ac8gRQjwjtKgukMIwBRbq5+KAeEV5hXM4obYBOAghev41bDQWgFH4svYiU9UnQ5kNww2LgfyBdevCd2HXA==",
      "requires": {
        "symbol-observable": "1.0.1"
      }
    },
    "safe-buffer": {
      "version": "5.1.1",
      "resolved": "https://registry.npmjs.org/safe-buffer/-/safe-buffer-5.1.1.tgz",
      "integrity": "sha512-kKvNJn6Mm93gAczWVJg7wH+wGYWNrDHdWvpUmHyEsgCtIwwo3bqPtV4tR5tuPaUhTOo/kvhVwd8XwwOllGYkbg=="
    },
    "source-map": {
      "version": "0.5.7",
      "resolved": "https://registry.npmjs.org/source-map/-/source-map-0.5.7.tgz",
      "integrity": "sha1-igOdLRAh0i0eoUyA2OpGi6LvP8w=",
      "dev": true
    },
    "source-map-support": {
      "version": "0.4.18",
      "resolved": "https://registry.npmjs.org/source-map-support/-/source-map-support-0.4.18.tgz",
      "integrity": "sha512-try0/JqxPLF9nOjvSta7tVondkP5dwgyLDjVoyMDlmjugT2lRZ1OfsrYTkCd2hkDnJTKRbO/Rl3orm8vlsUzbA==",
      "dev": true,
      "requires": {
        "source-map": "0.5.7"
      }
    },
    "split2": {
      "version": "2.2.0",
      "resolved": "https://registry.npmjs.org/split2/-/split2-2.2.0.tgz",
      "integrity": "sha512-RAb22TG39LhI31MbreBgIuKiIKhVsawfTgEGqKHTK87aG+ul/PB8Sqoi3I7kVdRWiCfrKxK3uo4/YUkpNvhPbw==",
      "requires": {
        "through2": "2.0.3"
      }
    },
    "string_decoder": {
      "version": "1.0.3",
      "resolved": "https://registry.npmjs.org/string_decoder/-/string_decoder-1.0.3.tgz",
      "integrity": "sha512-4AH6Z5fzNNBcH+6XDMfA/BTt87skxqJlO0lAh3Dker5zThcAxG6mKz+iGu308UKoPPQ8Dcqx/4JhujzltRa+hQ==",
      "requires": {
        "safe-buffer": "5.1.1"
      }
    },
    "strip-bom": {
      "version": "3.0.0",
      "resolved": "https://registry.npmjs.org/strip-bom/-/strip-bom-3.0.0.tgz",
      "integrity": "sha1-IzTBjpx1n3vdVv3vfprj1YjmjtM=",
      "dev": true
    },
    "strip-json-comments": {
      "version": "2.0.1",
      "resolved": "https://registry.npmjs.org/strip-json-comments/-/strip-json-comments-2.0.1.tgz",
      "integrity": "sha1-PFMZQukIwml8DsNEhYwobHygpgo=",
      "dev": true
    },
    "supports-color": {
      "version": "5.3.0",
      "resolved": "https://registry.npmjs.org/supports-color/-/supports-color-5.3.0.tgz",
      "integrity": "sha512-0aP01LLIskjKs3lq52EC0aGBAJhLq7B2Rd8HC/DR/PtNNpcLilNmHC12O+hu0usQpo7wtHNRqtrhBwtDb0+dNg==",
      "requires": {
        "has-flag": "3.0.0"
      }
    },
    "symbol-observable": {
      "version": "1.0.1",
      "resolved": "https://registry.npmjs.org/symbol-observable/-/symbol-observable-1.0.1.tgz",
      "integrity": "sha1-g0D8RwLDEi310iKI+IKD9RPT/dQ="
    },
    "through2": {
      "version": "2.0.3",
      "resolved": "https://registry.npmjs.org/through2/-/through2-2.0.3.tgz",
      "integrity": "sha1-AARWmzfHx0ujnEPzzteNGtlBQL4=",
      "requires": {
        "readable-stream": "2.3.5",
        "xtend": "4.0.1"
      }
    },
    "tiny-lru": {
      "version": "1.5.1",
      "resolved": "https://registry.npmjs.org/tiny-lru/-/tiny-lru-1.5.1.tgz",
      "integrity": "sha512-MvGxWz6hTuVM2jdZtB5+QQJRl1rCqobke6Mnpxe2jKRnz1fIPELsI/iFwKsGWXB4Fyz4285lkDZFQWvDAYvU8A=="
    },
    "ts-node": {
      "version": "3.3.0",
      "resolved": "https://registry.npmjs.org/ts-node/-/ts-node-3.3.0.tgz",
      "integrity": "sha1-wTxqMCTjC+EYDdUwOPwgkonUv2k=",
      "dev": true,
      "requires": {
        "arrify": "1.0.1",
        "chalk": "2.3.2",
        "diff": "3.5.0",
        "make-error": "1.3.4",
        "minimist": "1.2.0",
        "mkdirp": "0.5.1",
        "source-map-support": "0.4.18",
        "tsconfig": "6.0.0",
        "v8flags": "3.0.2",
        "yn": "2.0.0"
      }
    },
    "tsconfig": {
      "version": "6.0.0",
      "resolved": "https://registry.npmjs.org/tsconfig/-/tsconfig-6.0.0.tgz",
      "integrity": "sha1-aw6DdgA9evGGT434+J3QBZ/80DI=",
      "dev": true,
      "requires": {
        "strip-bom": "3.0.0",
        "strip-json-comments": "2.0.1"
      }
    },
    "typescript": {
      "version": "2.7.2",
      "resolved": "https://registry.npmjs.org/typescript/-/typescript-2.7.2.tgz",
      "integrity": "sha512-p5TCYZDAO0m4G344hD+wx/LATebLWZNkkh2asWUFqSsD2OrDNhbAHuSjobrmsUmdzjJjEeZVU9g1h3O6vpstnw=="
    },
    "uri-js": {
      "version": "3.0.2",
      "resolved": "https://registry.npmjs.org/uri-js/-/uri-js-3.0.2.tgz",
      "integrity": "sha1-+QuFhQf4HepNz7s8TD2/orVX+qo=",
      "requires": {
        "punycode": "2.1.0"
      }
    },
    "util-deprecate": {
      "version": "1.0.2",
      "resolved": "https://registry.npmjs.org/util-deprecate/-/util-deprecate-1.0.2.tgz",
      "integrity": "sha1-RQ1Nyfpw3nMnYvvS1KKJgUGaDM8="
    },
    "v8flags": {
      "version": "3.0.2",
      "resolved": "https://registry.npmjs.org/v8flags/-/v8flags-3.0.2.tgz",
      "integrity": "sha512-6sgSKoFw1UpUPd3cFdF7QGnrH6tDeBgW1F3v9gy8gLY0mlbiBXq8soy8aQpY6xeeCjH5K+JvC62Acp7gtl7wWA==",
      "dev": true,
      "requires": {
        "homedir-polyfill": "1.0.1"
      }
    },
    "validator": {
      "version": "9.2.0",
      "resolved": "https://registry.npmjs.org/validator/-/validator-9.2.0.tgz",
      "integrity": "sha512-6Ij4Eo0KM4LkR0d0IegOwluG5453uqT5QyF5SV5Ezvm8/zmkKI/L4eoraafZGlZPC9guLkwKzgypcw8VGWWnGA=="
    },
    "wrappy": {
      "version": "1.0.2",
      "resolved": "https://registry.npmjs.org/wrappy/-/wrappy-1.0.2.tgz",
      "integrity": "sha1-tSQ9jz7BqjXxNkYFvA0QNuMKtp8="
    },
    "xtend": {
      "version": "4.0.1",
      "resolved": "https://registry.npmjs.org/xtend/-/xtend-4.0.1.tgz",
      "integrity": "sha1-pcbVMr5lbiPbgg77lDofBJmNY68="
    },
    "yn": {
      "version": "2.0.0",
      "resolved": "https://registry.npmjs.org/yn/-/yn-2.0.0.tgz",
      "integrity": "sha1-5a2ryKz0CPY4X8dklWhMiOavaJo=",
      "dev": true
    }
  }
}
