{
	"requires": true,
	"lockfileVersion": 1,
	"dependencies": {
		"accepts": {
			"version": "1.3.4",
			"resolved": "https://registry.npmjs.org/accepts/-/accepts-1.3.4.tgz",
			"integrity": "sha1-hiRnWMfdbSGmR0/whKR0DsBesh8=",
			"requires": {
				"mime-types": "2.1.17",
				"negotiator": "0.6.1"
			}
		},
		"array-flatten": {
			"version": "1.1.1",
			"resolved": "https://registry.npmjs.org/array-flatten/-/array-flatten-1.1.1.tgz",
			"integrity": "sha1-ml9pkFGx5wczKPKgCJaLZOopVdI="
		},
		"content-disposition": {
			"version": "0.5.1",
			"resolved": "https://registry.npmjs.org/content-disposition/-/content-disposition-0.5.1.tgz",
			"integrity": "sha1-h0dsamfI2qh+Muh2Ft+IO6f7Bxs="
		},
		"content-type": {
			"version": "1.0.4",
			"resolved": "https://registry.npmjs.org/content-type/-/content-type-1.0.4.tgz",
			"integrity": "sha512-hIP3EEPs8tB9AT1L+NUqtwOAps4mk2Zob89MWXMHjHWg9milF/j4osnnQLXBCBFBk/tvIG/tUc9mOUJiPBhPXA=="
		},
		"cookie": {
			"version": "0.3.1",
			"resolved": "https://registry.npmjs.org/cookie/-/cookie-0.3.1.tgz",
			"integrity": "sha1-5+Ch+e9DtMi6klxcWpboBtFoc7s="
		},
		"cookie-signature": {
			"version": "1.0.6",
			"resolved": "https://registry.npmjs.org/cookie-signature/-/cookie-signature-1.0.6.tgz",
			"integrity": "sha1-4wOogrNCzD7oylE6eZmXNNqzriw="
		},
		"debug": {
			"version": "2.2.0",
			"resolved": "https://registry.npmjs.org/debug/-/debug-2.2.0.tgz",
			"integrity": "sha1-+HBX6ZWxofauaklgZkE3vFbwOdo=",
			"requires": {
				"ms": "0.7.1"
			}
		},
		"depd": {
			"version": "1.1.1",
			"resolved": "https://registry.npmjs.org/depd/-/depd-1.1.1.tgz",
			"integrity": "sha1-V4O04cRZ8G+lyif5kfPQbnoxA1k="
		},
		"destroy": {
			"version": "1.0.4",
			"resolved": "https://registry.npmjs.org/destroy/-/destroy-1.0.4.tgz",
			"integrity": "sha1-l4hXRCxEdJ5CBmE+N5RiBYJqvYA="
		},
		"ee-first": {
			"version": "1.1.1",
			"resolved": "https://registry.npmjs.org/ee-first/-/ee-first-1.1.1.tgz",
			"integrity": "sha1-WQxhFWsK4vTwJVcyoViyZrxWsh0="
		},
		"encodeurl": {
			"version": "1.0.1",
			"resolved": "https://registry.npmjs.org/encodeurl/-/encodeurl-1.0.1.tgz",
			"integrity": "sha1-eePVhlU0aQn+bw9Fpd5oEDspTSA="
		},
		"escape-html": {
			"version": "1.0.3",
			"resolved": "https://registry.npmjs.org/escape-html/-/escape-html-1.0.3.tgz",
			"integrity": "sha1-Aljq5NPQwJdN4cFpGI7wBR0dGYg="
		},
		"etag": {
			"version": "1.7.0",
			"resolved": "https://registry.npmjs.org/etag/-/etag-1.7.0.tgz",
			"integrity": "sha1-A9MLX2fdbmMtKUXTDWZScxo01dg="
		},
		"express": {
			"version": "4.14.0",
			"resolved": "https://registry.npmjs.org/express/-/express-4.14.0.tgz",
			"integrity": "sha1-we4/Qs3Ikfs9xlCoki1R7IR9DWY=",
			"requires": {
				"accepts": "1.3.4",
				"array-flatten": "1.1.1",
				"content-disposition": "0.5.1",
				"content-type": "1.0.4",
				"cookie": "0.3.1",
				"cookie-signature": "1.0.6",
				"debug": "2.2.0",
				"depd": "1.1.1",
				"encodeurl": "1.0.1",
				"escape-html": "1.0.3",
				"etag": "1.7.0",
				"finalhandler": "0.5.0",
				"fresh": "0.3.0",
				"merge-descriptors": "1.0.1",
				"methods": "1.1.2",
				"on-finished": "2.3.0",
				"parseurl": "1.3.2",
				"path-to-regexp": "0.1.7",
				"proxy-addr": "1.1.5",
				"qs": "6.2.0",
				"range-parser": "1.2.0",
				"send": "0.14.1",
				"serve-static": "1.11.2",
				"type-is": "1.6.15",
				"utils-merge": "1.0.0",
				"vary": "1.1.2"
			}
		},
		"finalhandler": {
			"version": "0.5.0",
			"resolved": "https://registry.npmjs.org/finalhandler/-/finalhandler-0.5.0.tgz",
			"integrity": "sha1-6VCKvs6bbbqHGmlCodeRG5GRGsc=",
			"requires": {
				"debug": "2.2.0",
				"escape-html": "1.0.3",
				"on-finished": "2.3.0",
				"statuses": "1.3.1",
				"unpipe": "1.0.0"
			}
		},
		"forwarded": {
			"version": "0.1.2",
			"resolved": "https://registry.npmjs.org/forwarded/-/forwarded-0.1.2.tgz",
			"integrity": "sha1-mMI9qxF1ZXuMBXPozszZGw/xjIQ="
		},
		"fresh": {
			"version": "0.3.0",
			"resolved": "https://registry.npmjs.org/fresh/-/fresh-0.3.0.tgz",
			"integrity": "sha1-ZR+DjiJCTnVm3hYdg1jKoZn4PU8="
		},
		"http-errors": {
			"version": "1.5.1",
			"resolved": "https://registry.npmjs.org/http-errors/-/http-errors-1.5.1.tgz",
			"integrity": "sha1-eIwNLB3iyBuebowBhDtrl+uSB1A=",
			"requires": {
				"inherits": "2.0.3",
				"setprototypeof": "1.0.2",
				"statuses": "1.3.1"
			}
		},
		"inherits": {
			"version": "2.0.3",
			"resolved": "https://registry.npmjs.org/inherits/-/inherits-2.0.3.tgz",
			"integrity": "sha1-Yzwsg+PaQqUC9SRmAiSA9CCCYd4="
		},
		"ipaddr.js": {
			"version": "1.4.0",
			"resolved": "https://registry.npmjs.org/ipaddr.js/-/ipaddr.js-1.4.0.tgz",
			"integrity": "sha1-KWrKh4qCGBbluF0KKFqZvP9FgvA="
		},
		"iterare": {
			"version": "0.0.8",
			"resolved": "https://registry.npmjs.org/iterare/-/iterare-0.0.8.tgz",
			"integrity": "sha1-qWmoCh+/9rePKHdllNe8K9+raq0="
		},
		"media-typer": {
			"version": "0.3.0",
			"resolved": "https://registry.npmjs.org/media-typer/-/media-typer-0.3.0.tgz",
			"integrity": "sha1-hxDXrwqmJvj/+hzgAWhUUmMlV0g="
		},
		"merge-descriptors": {
			"version": "1.0.1",
			"resolved": "https://registry.npmjs.org/merge-descriptors/-/merge-descriptors-1.0.1.tgz",
			"integrity": "sha1-sAqqVW3YtEVoFQ7J0blT8/kMu2E="
		},
		"methods": {
			"version": "1.1.2",
			"resolved": "https://registry.npmjs.org/methods/-/methods-1.1.2.tgz",
			"integrity": "sha1-VSmk1nZUE07cxSZmVoNbD4Ua/O4="
		},
		"mime": {
			"version": "1.3.4",
			"resolved": "https://registry.npmjs.org/mime/-/mime-1.3.4.tgz",
			"integrity": "sha1-EV+eO2s9rylZmDyzjxSaLUDrXVM="
		},
		"mime-db": {
			"version": "1.30.0",
			"resolved": "https://registry.npmjs.org/mime-db/-/mime-db-1.30.0.tgz",
			"integrity": "sha1-dMZD2i3Z1qRTmZY0ZbJtXKfXHwE="
		},
		"mime-types": {
			"version": "2.1.17",
			"resolved": "https://registry.npmjs.org/mime-types/-/mime-types-2.1.17.tgz",
			"integrity": "sha1-Cdejk/A+mVp5+K+Fe3Cp4KsWVXo=",
			"requires": {
				"mime-db": "1.30.0"
			}
		},
		"ms": {
			"version": "0.7.1",
			"resolved": "https://registry.npmjs.org/ms/-/ms-0.7.1.tgz",
			"integrity": "sha1-nNE8A62/8ltl7/3nzoZO6VIBcJg="
		},
		"negotiator": {
			"version": "0.6.1",
			"resolved": "https://registry.npmjs.org/negotiator/-/negotiator-0.6.1.tgz",
			"integrity": "sha1-KzJxhOiZIQEXeyhWP7XnECrNDKk="
		},
		"on-finished": {
			"version": "2.3.0",
			"resolved": "https://registry.npmjs.org/on-finished/-/on-finished-2.3.0.tgz",
			"integrity": "sha1-IPEzZIGwg811M3mSoWlxqi2QaUc=",
			"requires": {
				"ee-first": "1.1.1"
			}
		},
		"parseurl": {
			"version": "1.3.2",
			"resolved": "https://registry.npmjs.org/parseurl/-/parseurl-1.3.2.tgz",
			"integrity": "sha1-/CidTtiZMRlGDBViUyYs3I3mW/M="
		},
		"path-to-regexp": {
			"version": "0.1.7",
			"resolved": "https://registry.npmjs.org/path-to-regexp/-/path-to-regexp-0.1.7.tgz",
			"integrity": "sha1-32BBeABfUi8V60SQ5yR6G/qmf4w="
		},
		"proxy-addr": {
			"version": "1.1.5",
			"resolved": "https://registry.npmjs.org/proxy-addr/-/proxy-addr-1.1.5.tgz",
			"integrity": "sha1-ccDuOxAt4/IC87ZPYI0XP8uhqRg=",
			"requires": {
				"forwarded": "0.1.2",
				"ipaddr.js": "1.4.0"
			}
		},
		"qs": {
			"version": "6.2.0",
			"resolved": "https://registry.npmjs.org/qs/-/qs-6.2.0.tgz",
			"integrity": "sha1-O3hIwDwt7OaalSKw+ujEEm10Xzs="
		},
		"range-parser": {
			"version": "1.2.0",
			"resolved": "https://registry.npmjs.org/range-parser/-/range-parser-1.2.0.tgz",
			"integrity": "sha1-9JvmtIeJTdxA3MlKMi9hEJLgDV4="
		},
		"send": {
			"version": "0.14.1",
			"resolved": "https://registry.npmjs.org/send/-/send-0.14.1.tgz",
			"integrity": "sha1-qVSYQyU5L1FTKndgdg5FlZjIn3o=",
			"requires": {
				"debug": "2.2.0",
				"depd": "1.1.1",
				"destroy": "1.0.4",
				"encodeurl": "1.0.1",
				"escape-html": "1.0.3",
				"etag": "1.7.0",
				"fresh": "0.3.0",
				"http-errors": "1.5.1",
				"mime": "1.3.4",
				"ms": "0.7.1",
				"on-finished": "2.3.0",
				"range-parser": "1.2.0",
				"statuses": "1.3.1"
			}
		},
		"serve-static": {
			"version": "1.11.2",
			"resolved": "https://registry.npmjs.org/serve-static/-/serve-static-1.11.2.tgz",
			"integrity": "sha1-LPmIm9RDWjIMw2iVyapXvWYuasc=",
			"requires": {
				"encodeurl": "1.0.1",
				"escape-html": "1.0.3",
				"parseurl": "1.3.2",
				"send": "0.14.2"
			},
			"dependencies": {
				"ms": {
					"version": "0.7.2",
					"resolved": "https://registry.npmjs.org/ms/-/ms-0.7.2.tgz",
					"integrity": "sha1-riXPJRKziFodldfwN4aNhDESR2U="
				},
				"send": {
					"version": "0.14.2",
					"resolved": "https://registry.npmjs.org/send/-/send-0.14.2.tgz",
					"integrity": "sha1-ObBDiz9RC+Xcb2Z6EfcWiTaM3u8=",
					"requires": {
						"debug": "2.2.0",
						"depd": "1.1.1",
						"destroy": "1.0.4",
						"encodeurl": "1.0.1",
						"escape-html": "1.0.3",
						"etag": "1.7.0",
						"fresh": "0.3.0",
						"http-errors": "1.5.1",
						"mime": "1.3.4",
						"ms": "0.7.2",
						"on-finished": "2.3.0",
						"range-parser": "1.2.0",
						"statuses": "1.3.1"
					}
				}
			}
		},
		"setprototypeof": {
			"version": "1.0.2",
			"resolved": "https://registry.npmjs.org/setprototypeof/-/setprototypeof-1.0.2.tgz",
			"integrity": "sha1-gaVSFB7BBLiOic44MQOtXGZWTQg="
		},
		"statuses": {
			"version": "1.3.1",
			"resolved": "https://registry.npmjs.org/statuses/-/statuses-1.3.1.tgz",
			"integrity": "sha1-+vUbnrdKrvOzrPStX2Gr8ky3uT4="
		},
		"type-is": {
			"version": "1.6.15",
			"resolved": "https://registry.npmjs.org/type-is/-/type-is-1.6.15.tgz",
			"integrity": "sha1-yrEPtJCeRByChC6v4a1kbIGARBA=",
			"requires": {
				"media-typer": "0.3.0",
				"mime-types": "2.1.17"
			}
		},
		"unpipe": {
			"version": "1.0.0",
			"resolved": "https://registry.npmjs.org/unpipe/-/unpipe-1.0.0.tgz",
			"integrity": "sha1-sr9O6FFKrmFltIF4KdIbLvSZBOw="
		},
		"utils-merge": {
			"version": "1.0.0",
			"resolved": "https://registry.npmjs.org/utils-merge/-/utils-merge-1.0.0.tgz",
			"integrity": "sha1-ApT7kiu5N1FTVBxPcJYjHyh8ivg="
		},
		"vary": {
			"version": "1.1.2",
			"resolved": "https://registry.npmjs.org/vary/-/vary-1.1.2.tgz",
			"integrity": "sha1-IpnwLG3tMNSllhsLn3RSShj2NPw="
		}
	}
}
