{
	"requires": true,
	"lockfileVersion": 1,
	"dependencies": {
		"ansi-regex": {
			"version": "2.1.1",
			"resolved": "https://registry.npmjs.org/ansi-regex/-/ansi-regex-2.1.1.tgz",
			"integrity": "sha1-w7M6te42DYbg5ijwRorn7yfWVN8="
		},
		"cli-color": {
			"version": "1.1.0",
			"resolved": "https://registry.npmjs.org/cli-color/-/cli-color-1.1.0.tgz",
			"integrity": "sha1-3hiM3Ekp2DtnrqBBEPvtQP2/Z3U=",
			"requires": {
				"ansi-regex": "2.1.1",
				"d": "0.1.1",
				"es5-ext": "0.10.35",
				"es6-iterator": "2.0.3",
				"memoizee": "0.3.10",
				"timers-ext": "0.1.2"
			}
		},
		"d": {
			"version": "0.1.1",
			"resolved": "https://registry.npmjs.org/d/-/d-0.1.1.tgz",
			"integrity": "sha1-2hhMU10Y2O57oqoim5FACfrhEwk=",
			"requires": {
				"es5-ext": "0.10.35"
			}
		},
		"es5-ext": {
			"version": "0.10.35",
			"resolved": "https://registry.npmjs.org/es5-ext/-/es5-ext-0.10.35.tgz",
			"integrity": "sha1-GO6FjOajxFx9eekcFfzKnsVoSU8=",
			"requires": {
				"es6-iterator": "2.0.3",
				"es6-symbol": "3.1.1"
			}
		},
		"es6-iterator": {
			"version": "2.0.3",
			"resolved": "https://registry.npmjs.org/es6-iterator/-/es6-iterator-2.0.3.tgz",
			"integrity": "sha1-p96IkUGgWpSwhUQDstCg+/qY87c=",
			"requires": {
				"d": "1.0.0",
				"es5-ext": "0.10.35",
				"es6-symbol": "3.1.1"
			},
			"dependencies": {
				"d": {
					"version": "1.0.0",
					"resolved": "https://registry.npmjs.org/d/-/d-1.0.0.tgz",
					"integrity": "sha1-dUu1v+VUUdpppYuU1F9MWwRi1Y8=",
					"requires": {
						"es5-ext": "0.10.35"
					}
				}
			}
		},
		"es6-symbol": {
			"version": "3.1.1",
			"resolved": "https://registry.npmjs.org/es6-symbol/-/es6-symbol-3.1.1.tgz",
			"integrity": "sha1-vwDvT9q2uhtG7Le2KbTH7VcVzHc=",
			"requires": {
				"d": "1.0.0",
				"es5-ext": "0.10.35"
			},
			"dependencies": {
				"d": {
					"version": "1.0.0",
					"resolved": "https://registry.npmjs.org/d/-/d-1.0.0.tgz",
					"integrity": "sha1-dUu1v+VUUdpppYuU1F9MWwRi1Y8=",
					"requires": {
						"es5-ext": "0.10.35"
					}
				}
			}
		},
		"es6-weak-map": {
			"version": "0.1.4",
			"resolved": "https://registry.npmjs.org/es6-weak-map/-/es6-weak-map-0.1.4.tgz",
			"integrity": "sha1-cGzvnpmqI2undmwjnIueKG6n0ig=",
			"requires": {
				"d": "0.1.1",
				"es5-ext": "0.10.35",
				"es6-iterator": "0.1.3",
				"es6-symbol": "2.0.1"
			},
			"dependencies": {
				"es6-iterator": {
					"version": "0.1.3",
					"resolved": "https://registry.npmjs.org/es6-iterator/-/es6-iterator-0.1.3.tgz",
					"integrity": "sha1-1vWLjE/EE8JJtLqhl2j45NfIlE4=",
					"requires": {
						"d": "0.1.1",
						"es5-ext": "0.10.35",
						"es6-symbol": "2.0.1"
					}
				},
				"es6-symbol": {
					"version": "2.0.1",
					"resolved": "https://registry.npmjs.org/es6-symbol/-/es6-symbol-2.0.1.tgz",
					"integrity": "sha1-dhtcZ8/U8dGK+yNPaR1nhoLLO/M=",
					"requires": {
						"d": "0.1.1",
						"es5-ext": "0.10.35"
					}
				}
			}
		},
		"event-emitter": {
			"version": "0.3.5",
			"resolved": "https://registry.npmjs.org/event-emitter/-/event-emitter-0.3.5.tgz",
			"integrity": "sha1-34xp7vFkeSPHFXuc6DhAYQsCzDk=",
			"requires": {
				"d": "1.0.0",
				"es5-ext": "0.10.35"
			},
			"dependencies": {
				"d": {
					"version": "1.0.0",
					"resolved": "https://registry.npmjs.org/d/-/d-1.0.0.tgz",
					"integrity": "sha1-dUu1v+VUUdpppYuU1F9MWwRi1Y8=",
					"requires": {
						"es5-ext": "0.10.35"
					}
				}
			}
		},
		"lru-queue": {
			"version": "0.1.0",
			"resolved": "https://registry.npmjs.org/lru-queue/-/lru-queue-0.1.0.tgz",
			"integrity": "sha1-Jzi9nw089PhEkMVzbEhpmsYyzaM=",
			"requires": {
				"es5-ext": "0.10.35"
			}
		},
		"memoizee": {
			"version": "0.3.10",
			"resolved": "https://registry.npmjs.org/memoizee/-/memoizee-0.3.10.tgz",
			"integrity": "sha1-TsoNiu057J0Bf0xcLy9kMvQuXI8=",
			"requires": {
				"d": "0.1.1",
				"es5-ext": "0.10.35",
				"es6-weak-map": "0.1.4",
				"event-emitter": "0.3.5",
				"lru-queue": "0.1.0",
				"next-tick": "0.2.2",
				"timers-ext": "0.1.2"
			}
		},
		"next-tick": {
			"version": "0.2.2",
			"resolved": "https://registry.npmjs.org/next-tick/-/next-tick-0.2.2.tgz",
			"integrity": "sha1-ddpKkn7liH45BliABltzNkE7MQ0="
		},
		"timers-ext": {
			"version": "0.1.2",
			"resolved": "https://registry.npmjs.org/timers-ext/-/timers-ext-0.1.2.tgz",
			"integrity": "sha1-YcxHp2wavTGV8UUn+XjViulMUgQ=",
			"requires": {
				"es5-ext": "0.10.35",
				"next-tick": "1.0.0"
			},
			"dependencies": {
				"next-tick": {
					"version": "1.0.0",
					"resolved": "https://registry.npmjs.org/next-tick/-/next-tick-1.0.0.tgz",
					"integrity": "sha1-yobR/ogoFpsBICCOPchCS524NCw="
				}
			}
		}
	}
}
